
Microsoft Visual Studio Solution File, Format Version 12.00
# Visual Studio Version 17
VisualStudioVersion = 17.13.35931.197 d17.13
MinimumVisualStudioVersion = 10.0.40219.1
Project("{FAE04EC0-301F-11D3-BF4B-00C04F79EFBC}") = "SimpleCurrencyApp", "SimpleCurrencyApp\SimpleCurrencyApp.csproj", "{2DE4E54E-BEE9-433B-A323-94060D97E0F4}"
EndProject
Global
	GlobalSection(SolutionConfigurationPlatforms) = preSolution
		Debug|Any CPU = Debug|Any CPU
		Release|Any CPU = Release|Any CPU
	EndGlobalSection
	GlobalSection(ProjectConfigurationPlatforms) = postSolution
		{2DE4E54E-BEE9-433B-A323-94060D97E0F4}.Debug|Any CPU.ActiveCfg = Debug|Any CPU
		{2DE4E54E-BEE9-433B-A323-94060D97E0F4}.Debug|Any CPU.Build.0 = Debug|Any CPU
		{2DE4E54E-BEE9-433B-A323-94060D97E0F4}.Release|Any CPU.ActiveCfg = Release|Any CPU
		{2DE4E54E-BEE9-433B-A323-94060D97E0F4}.Release|Any CPU.Build.0 = Release|Any CPU
	EndGlobalSection
	GlobalSection(SolutionProperties) = preSolution
		HideSolutionNode = FALSE
	EndGlobalSection
	GlobalSection(ExtensibilityGlobals) = postSolution
		SolutionGuid = {FAD51DE9-A08E-4AE3-B4D0-218067A7C0E6}
	EndGlobalSection
EndGlobal
